# THIS IS AN AUTOGENERATED FILE. DO NOT EDIT THIS FILE DIRECTLY.
# yarn lockfile v1


"@angular-mdl/core@^4.0.0":
  version "4.0.0"
  resolved "https://registry.yarnpkg.com/@angular-mdl/core/-/core-4.0.0.tgz#9415a3340cbeeac01739e5777971fec307b13c17"

"@angular/core@^11.0.5":
  version "11.2.0"
  resolved "https://registry.yarnpkg.com/@angular/core/-/core-11.2.0.tgz#309ae61d55b21fca0b644a6571109741d64b2467"
  integrity sha512-jnbnJTW2GwfkRoXG8J4zs5FMcahMZwo6jrZGe9FiXjCYG9cLEuOXy4h99Z1s/o0vc/VXyWgym7SmeEgv+urf8g==
  dependencies:
    tslib "^2.0.0"

left-pad@^1.0.0:
  version "1.0.0"
  resolved "https://registry.yarnpkg.com/left-pad/-/left-pad-1.0.0.tgz#c84e2417581bbb8eaf2b9e3d7a122e572ab1af37"

tslib@^2.0.0:
  version "2.1.0"
  resolved "https://registry.yarnpkg.com/tslib/-/tslib-2.1.0.tgz#da60860f1c2ecaa5703ab7d39bc05b6bf988b97a"
  integrity sha512-hcVC3wYEziELGGmEEXue7D75zbwIIVUMWAVbHItGPx0ziyXxrOMQx4rQEVEV45Ut/1IotuEvwqPopzIOkDMf0A==
