# THIS IS AN AUTOGENERATED FILE. DO NOT EDIT THIS FILE DIRECTLY.
# yarn lockfile v1


"@angular-mdl/core@4.0.0":
  version "4.0.0"
  resolved "https://registry.yarnpkg.com/@angular-mdl/core/-/core-4.0.0.tgz#9415a3340cbeeac01739e5777971fec307b13c17"

"@angular/core@11.0.5":
  version "11.0.5"
  resolved "https://registry.yarnpkg.com/@angular/core/-/core-11.0.5.tgz#b8c448c3cd4f6dae7327cc1ba4ee2aa29c8dbc26"
  integrity sha512-XAXWQi7R3ucZXQwx9QK5jSKJeQyRJ53u2dQDpr7R5stzeCy1a5hrNOkZLg9zOTTPcth/6+FrOrRZP9SMdxtw3w==
  dependencies:
    tslib "^2.0.0"

left-pad@1.0.0:
  version "1.0.0"
  resolved "https://registry.yarnpkg.com/left-pad/-/left-pad-1.0.0.tgz#c84e2417581bbb8eaf2b9e3d7a122e572ab1af37"

tslib@^2.0.0:
  version "2.1.0"
  resolved "https://registry.yarnpkg.com/tslib/-/tslib-2.1.0.tgz#da60860f1c2ecaa5703ab7d39bc05b6bf988b97a"
  integrity sha512-hcVC3wYEziELGGmEEXue7D75zbwIIVUMWAVbHItGPx0ziyXxrOMQx4rQEVEV45Ut/1IotuEvwqPopzIOkDMf0A==
